
Microsoft Visual Studio Solution File, Format Version 12.00
# Visual Studio 15
VisualStudioVersion = 15.0.26430.15
MinimumVisualStudioVersion = 10.0.40219.1
Project("{FAE04EC0-301F-11D3-BF4B-00C04F79EFBC}") = "BandMadness", "BandMadness\BandMadness.csproj", "{5E904B05-381F-4983-8AD2-91C038A15B6E}"
EndProject
Project("{FAE04EC0-301F-11D3-BF4B-00C04F79EFBC}") = "BandMadness.Tests", "BandMadness.Tests\BandMadness.Tests.csproj", "{D1CE7FCD-E375-4E93-B927-ED74912EC250}"
EndProject
Global
	GlobalSection(SolutionConfigurationPlatforms) = preSolution
		Debug|Any CPU = Debug|Any CPU
		Release|Any CPU = Release|Any CPU
	EndGlobalSection
	GlobalSection(ProjectConfigurationPlatforms) = postSolution
		{5E904B05-381F-4983-8AD2-91C038A15B6E}.Debug|Any CPU.ActiveCfg = Debug|Any CPU
		{5E904B05-381F-4983-8AD2-91C038A15B6E}.Debug|Any CPU.Build.0 = Debug|Any CPU
		{5E904B05-381F-4983-8AD2-91C038A15B6E}.Release|Any CPU.ActiveCfg = Release|Any CPU
		{5E904B05-381F-4983-8AD2-91C038A15B6E}.Release|Any CPU.Build.0 = Release|Any CPU
		{D1CE7FCD-E375-4E93-B927-ED74912EC250}.Debug|Any CPU.ActiveCfg = Debug|Any CPU
		{D1CE7FCD-E375-4E93-B927-ED74912EC250}.Debug|Any CPU.Build.0 = Debug|Any CPU
		{D1CE7FCD-E375-4E93-B927-ED74912EC250}.Release|Any CPU.ActiveCfg = Release|Any CPU
		{D1CE7FCD-E375-4E93-B927-ED74912EC250}.Release|Any CPU.Build.0 = Release|Any CPU
	EndGlobalSection
	GlobalSection(SolutionProperties) = preSolution
		HideSolutionNode = FALSE
	EndGlobalSection
EndGlobal
